
Microsoft Visual Studio Solution File, Format Version 12.00
# Visual Studio 14
VisualStudioVersion = 14.0.25420.1
MinimumVisualStudioVersion = 10.0.40219.1
Project("{FAE04EC0-301F-11D3-BF4B-00C04F79EFBC}") = "Calculadora", "ConsoleApplication1\Calculadora.csproj", "{650CE056-2C80-4467-BD7D-C66CE633CAB4}"
EndProject
Project("{FAE04EC0-301F-11D3-BF4B-00C04F79EFBC}") = "Calculadora2", "Calculadora2\Calculadora2.csproj", "{EFD79FFB-F02D-4FB7-9A90-0F2D696F0DAF}"
EndProject
Global
	GlobalSection(SolutionConfigurationPlatforms) = preSolution
		Debug|Any CPU = Debug|Any CPU
		Release|Any CPU = Release|Any CPU
	EndGlobalSection
	GlobalSection(ProjectConfigurationPlatforms) = postSolution
		{650CE056-2C80-4467-BD7D-C66CE633CAB4}.Debug|Any CPU.ActiveCfg = Debug|Any CPU
		{650CE056-2C80-4467-BD7D-C66CE633CAB4}.Debug|Any CPU.Build.0 = Debug|Any CPU
		{650CE056-2C80-4467-BD7D-C66CE633CAB4}.Release|Any CPU.ActiveCfg = Release|Any CPU
		{650CE056-2C80-4467-BD7D-C66CE633CAB4}.Release|Any CPU.Build.0 = Release|Any CPU
		{EFD79FFB-F02D-4FB7-9A90-0F2D696F0DAF}.Debug|Any CPU.ActiveCfg = Debug|Any CPU
		{EFD79FFB-F02D-4FB7-9A90-0F2D696F0DAF}.Debug|Any CPU.Build.0 = Debug|Any CPU
		{EFD79FFB-F02D-4FB7-9A90-0F2D696F0DAF}.Release|Any CPU.ActiveCfg = Release|Any CPU
		{EFD79FFB-F02D-4FB7-9A90-0F2D696F0DAF}.Release|Any CPU.Build.0 = Release|Any CPU
	EndGlobalSection
	GlobalSection(SolutionProperties) = preSolution
		HideSolutionNode = FALSE
	EndGlobalSection
EndGlobal
