
Microsoft Visual Studio Solution File, Format Version 12.00
# Visual Studio 14
VisualStudioVersion = 14.0.25420.1
MinimumVisualStudioVersion = 10.0.40219.1
Project("{FAE04EC0-301F-11D3-BF4B-00C04F79EFBC}") = "Triangulos", "ConsoleApplication1\Triangulos.csproj", "{1766701E-FE2E-49FC-823E-97D107ECFE0E}"
EndProject
Project("{FAE04EC0-301F-11D3-BF4B-00C04F79EFBC}") = "Lampadas", "Lampadas\Lampadas.csproj", "{3D6E6BCF-CC4E-4F12-B05F-AB08DF31AD68}"
EndProject
Global
	GlobalSection(SolutionConfigurationPlatforms) = preSolution
		Debug|Any CPU = Debug|Any CPU
		Release|Any CPU = Release|Any CPU
	EndGlobalSection
	GlobalSection(ProjectConfigurationPlatforms) = postSolution
		{1766701E-FE2E-49FC-823E-97D107ECFE0E}.Debug|Any CPU.ActiveCfg = Debug|Any CPU
		{1766701E-FE2E-49FC-823E-97D107ECFE0E}.Debug|Any CPU.Build.0 = Debug|Any CPU
		{1766701E-FE2E-49FC-823E-97D107ECFE0E}.Release|Any CPU.ActiveCfg = Release|Any CPU
		{1766701E-FE2E-49FC-823E-97D107ECFE0E}.Release|Any CPU.Build.0 = Release|Any CPU
		{3D6E6BCF-CC4E-4F12-B05F-AB08DF31AD68}.Debug|Any CPU.ActiveCfg = Debug|Any CPU
		{3D6E6BCF-CC4E-4F12-B05F-AB08DF31AD68}.Debug|Any CPU.Build.0 = Debug|Any CPU
		{3D6E6BCF-CC4E-4F12-B05F-AB08DF31AD68}.Release|Any CPU.ActiveCfg = Release|Any CPU
		{3D6E6BCF-CC4E-4F12-B05F-AB08DF31AD68}.Release|Any CPU.Build.0 = Release|Any CPU
	EndGlobalSection
	GlobalSection(SolutionProperties) = preSolution
		HideSolutionNode = FALSE
	EndGlobalSection
EndGlobal
